PODS:
  - Flutter (1.0.0)
  - integration_test (0.0.1):
    - Flutter
  - ultron_screenshot_shield (1.1.0):
    - Flutter

DEPENDENCIES:
  - Flutter (from `Flutter`)
  - integration_test (from `.symlinks/plugins/integration_test/ios`)
  - ultron_screenshot_shield (from `.symlinks/plugins/ultron_screenshot_shield/ios`)

EXTERNAL SOURCES:
  Flutter:
    :path: Flutter
  integration_test:
    :path: ".symlinks/plugins/integration_test/ios"
  ultron_screenshot_shield:
    :path: ".symlinks/plugins/ultron_screenshot_shield/ios"

SPEC CHECKSUMS:
  Flutter: f04841e97a9d0b0a8025694d0796dd46242b2854
  integration_test: 13825b8a9334a850581300559b8839134b124670
  ultron_screenshot_shield: d8efcc8d96aeb25ffeb54dd0dd7a02de478fdb77

PODFILE CHECKSUM: 70d9d25280d0dd177a5f637cdb0f0b0b12c6a189

COCOAPODS: 1.15.2
