PODS:
  - Flutter (1.0.0)
  - ultron_screenshot_shield (1.1.0):
    - Flutter

DEPENDENCIES:
  - Flutter (from `Flutter`)
  - ultron_screenshot_shield (from `.symlinks/plugins/ultron_screenshot_shield/ios`)

EXTERNAL SOURCES:
  Flutter:
    :path: Flutter
  ultron_screenshot_shield:
    :path: ".symlinks/plugins/ultron_screenshot_shield/ios"

SPEC CHECKSUMS:
  Flutter: cabc95a1d2626b1b06e7179b784ebcf0c0cde467
  ultron_screenshot_shield: 7f515c6726a799bf9cbbe508c982ad51f4c38c42

PODFILE CHECKSUM: 3c63482e143d1b91d2d2560aee9fb04ecc74ac7e

COCOAPODS: 1.16.2
